
Microsoft Visual Studio Solution File, Format Version 12.00
# Visual Studio Version 16
VisualStudioVersion = 16.0.31911.196
MinimumVisualStudioVersion = 10.0.40219.1
Project("{FAE04EC0-301F-11D3-BF4B-00C04F79EFBC}") = "check-check", "check-check\check-check.csproj", "{01289A45-D3C3-4B91-8DA0-C82315B869FC}"
EndProject
Global
	GlobalSection(SolutionConfigurationPlatforms) = preSolution
		Debug|Any CPU = Debug|Any CPU
		Release|Any CPU = Release|Any CPU
	EndGlobalSection
	GlobalSection(ProjectConfigurationPlatforms) = postSolution
		{01289A45-D3C3-4B91-8DA0-C82315B869FC}.Debug|Any CPU.ActiveCfg = Debug|Any CPU
		{01289A45-D3C3-4B91-8DA0-C82315B869FC}.Debug|Any CPU.Build.0 = Debug|Any CPU
		{01289A45-D3C3-4B91-8DA0-C82315B869FC}.Release|Any CPU.ActiveCfg = Release|Any CPU
		{01289A45-D3C3-4B91-8DA0-C82315B869FC}.Release|Any CPU.Build.0 = Release|Any CPU
	EndGlobalSection
	GlobalSection(SolutionProperties) = preSolution
		HideSolutionNode = FALSE
	EndGlobalSection
	GlobalSection(ExtensibilityGlobals) = postSolution
		SolutionGuid = {913A68B9-D9E6-4E85-8ED7-6FF4C7D3DD1C}
	EndGlobalSection
EndGlobal
